// !$*UTF8*$!
{
	archiveVersion = 1;
	classes = {
	};
	objectVersion = 46;
	objects = {

/* Begin PBXBuildFile section */
		5B9D1C7F1D0B31E500522058 /* AppDelegate.swift in Sources */ = {isa = PBXBuildFile; fileRef = 5B9D1C7E1D0B31E500522058 /* AppDelegate.swift */; };
		5B9D1C811D0B31E500522058 /* ViewController.swift in Sources */ = {isa = PBXBuildFile; fileRef = 5B9D1C801D0B31E500522058 /* ViewController.swift */; };
		5B9D1C841D0B31E500522058 /* Main.storyboard in Resources */ = {isa = PBXBuildFile; fileRef = 5B9D1C821D0B31E500522058 /* Main.storyboard */; };
		5B9D1C861D0B31E500522058 /* Assets.xcassets in Resources */ = {isa = PBXBuildFile; fileRef = 5B9D1C851D0B31E500522058 /* Assets.xcassets */; };
		5B9D1C891D0B31E500522058 /* LaunchScreen.storyboard in Resources */ = {isa = PBXBuildFile; fileRef = 5B9D1C871D0B31E500522058 /* LaunchScreen.storyboard */; };
		7D19FAEA1D8D6CA7003F74FE /* ShoppingList.swift in Sources */ = {isa = PBXBuildFile; fileRef = 7D19FAE91D8D6CA7003F74FE /* ShoppingList.swift */; };
		7D19FAF31D8D78BD003F74FE /* ShoppingListTests.swift in Sources */ = {isa = PBXBuildFile; fileRef = 7D19FAF21D8D78BD003F74FE /* ShoppingListTests.swift */; };
/* End PBXBuildFile section */

/* Begin PBXContainerItemProxy section */
		5B9D1C901D0B31E500522058 /* PBXContainerItemProxy */ = {
			isa = PBXContainerItemProxy;
			containerPortal = 5B9D1C731D0B31E500522058 /* Project object */;
			proxyType = 1;
			remoteGlobalIDString = 5B9D1C7A1D0B31E500522058;
			remoteInfo = ArrayChallenge;
		};
/* End PBXContainerItemProxy section */

/* Begin PBXFileReference section */
		5B9D1C7B1D0B31E500522058 /* ArrayChallenge.app */ = {isa = PBXFileReference; explicitFileType = wrapper.application; includeInIndex = 0; path = ArrayChallenge.app; sourceTree = BUILT_PRODUCTS_DIR; };
		5B9D1C7E1D0B31E500522058 /* AppDelegate.swift */ = {isa = PBXFileReference; lastKnownFileType = sourcecode.swift; path = AppDelegate.swift; sourceTree = "<group>"; };
		5B9D1C801D0B31E500522058 /* ViewController.swift */ = {isa = PBXFileReference; lastKnownFileType = sourcecode.swift; path = ViewController.swift; sourceTree = "<group>"; };
		5B9D1C831D0B31E500522058 /* Base */ = {isa = PBXFileReference; lastKnownFileType = file.storyboard; name = Base; path = Base.lproj/Main.storyboard; sourceTree = "<group>"; };
		5B9D1C851D0B31E500522058 /* Assets.xcassets */ = {isa = PBXFileReference; lastKnownFileType = folder.assetcatalog; path = Assets.xcassets; sourceTree = "<group>"; };
		5B9D1C881D0B31E500522058 /* Base */ = {isa = PBXFileReference; lastKnownFileType = file.storyboard; name = Base; path = Base.lproj/LaunchScreen.storyboard; sourceTree = "<group>"; };
		5B9D1C8A1D0B31E500522058 /* Info.plist */ = {isa = PBXFileReference; lastKnownFileType = text.plist.xml; path = Info.plist; sourceTree = "<group>"; };
		5B9D1C8F1D0B31E500522058 /* ArrayChallengeTests.xctest */ = {isa = PBXFileReference; explicitFileType = wrapper.cfbundle; includeInIndex = 0; path = ArrayChallengeTests.xctest; sourceTree = BUILT_PRODUCTS_DIR; };
		5B9D1C951D0B31E500522058 /* Info.plist */ = {isa = PBXFileReference; lastKnownFileType = text.plist.xml; path = Info.plist; sourceTree = "<group>"; };
		7D19FAE91D8D6CA7003F74FE /* ShoppingList.swift */ = {isa = PBXFileReference; fileEncoding = 4; lastKnownFileType = sourcecode.swift; path = ShoppingList.swift; sourceTree = "<group>"; };
		7D19FAF21D8D78BD003F74FE /* ShoppingListTests.swift */ = {isa = PBXFileReference; fileEncoding = 4; lastKnownFileType = sourcecode.swift; path = ShoppingListTests.swift; sourceTree = "<group>"; };
/* End PBXFileReference section */

/* Begin PBXFrameworksBuildPhase section */
		5B9D1C781D0B31E500522058 /* Frameworks */ = {
			isa = PBXFrameworksBuildPhase;
			buildActionMask = 2147483647;
			files = (
			);
			runOnlyForDeploymentPostprocessing = 0;
		};
		5B9D1C8C1D0B31E500522058 /* Frameworks */ = {
			isa = PBXFrameworksBuildPhase;
			buildActionMask = 2147483647;
			files = (
			);
			runOnlyForDeploymentPostprocessing = 0;
		};
/* End PBXFrameworksBuildPhase section */

/* Begin PBXGroup section */
		5B9D1C721D0B31E500522058 = {
			isa = PBXGroup;
			children = (
				5B9D1C7D1D0B31E500522058 /* ArrayChallenge */,
				5B9D1C921D0B31E500522058 /* ArrayChallengeTests */,
				5B9D1C7C1D0B31E500522058 /* Products */,
				9F705D3899A7BB9A16BE1344 /* Frameworks */,
			);
			sourceTree = "<group>";
		};
		5B9D1C7C1D0B31E500522058 /* Products */ = {
			isa = PBXGroup;
			children = (
				5B9D1C7B1D0B31E500522058 /* ArrayChallenge.app */,
				5B9D1C8F1D0B31E500522058 /* ArrayChallengeTests.xctest */,
			);
			name = Products;
			sourceTree = "<group>";
		};
		5B9D1C7D1D0B31E500522058 /* ArrayChallenge */ = {
			isa = PBXGroup;
			children = (
				7D19FAE91D8D6CA7003F74FE /* ShoppingList.swift */,
				7D19FAEB1D8D6CB1003F74FE /* Supporting Files */,
			);
			path = ArrayChallenge;
			sourceTree = "<group>";
		};
		5B9D1C921D0B31E500522058 /* ArrayChallengeTests */ = {
			isa = PBXGroup;
			children = (
				7D19FAF21D8D78BD003F74FE /* ShoppingListTests.swift */,
				5B9D1C951D0B31E500522058 /* Info.plist */,
			);
			path = ArrayChallengeTests;
			sourceTree = "<group>";
		};
		7D19FAEB1D8D6CB1003F74FE /* Supporting Files */ = {
			isa = PBXGroup;
			children = (
				5B9D1C7E1D0B31E500522058 /* AppDelegate.swift */,
				5B9D1C801D0B31E500522058 /* ViewController.swift */,
				5B9D1C821D0B31E500522058 /* Main.storyboard */,
				5B9D1C851D0B31E500522058 /* Assets.xcassets */,
				5B9D1C871D0B31E500522058 /* LaunchScreen.storyboard */,
				5B9D1C8A1D0B31E500522058 /* Info.plist */,
			);
			name = "Supporting Files";
			sourceTree = "<group>";
		};
		9F705D3899A7BB9A16BE1344 /* Frameworks */ = {
			isa = PBXGroup;
			children = (
			);
			name = Frameworks;
			sourceTree = "<group>";
		};
/* End PBXGroup section */

/* Begin PBXNativeTarget section */
		5B9D1C7A1D0B31E500522058 /* ArrayChallenge */ = {
			isa = PBXNativeTarget;
			buildConfigurationList = 5B9D1CA31D0B31E500522058 /* Build configuration list for PBXNativeTarget "ArrayChallenge" */;
			buildPhases = (
				5B9D1C771D0B31E500522058 /* Sources */,
				5B9D1C781D0B31E500522058 /* Frameworks */,
				5B9D1C791D0B31E500522058 /* Resources */,
			);
			buildRules = (
			);
			dependencies = (
			);
			name = ArrayChallenge;
			productName = ArrayChallenge;
			productReference = 5B9D1C7B1D0B31E500522058 /* ArrayChallenge.app */;
			productType = "com.apple.product-type.application";
		};
		5B9D1C8E1D0B31E500522058 /* ArrayChallengeTests */ = {
			isa = PBXNativeTarget;
			buildConfigurationList = 5B9D1CA61D0B31E500522058 /* Build configuration list for PBXNativeTarget "ArrayChallengeTests" */;
			buildPhases = (
				5B9D1C8B1D0B31E500522058 /* Sources */,
				5B9D1C8C1D0B31E500522058 /* Frameworks */,
				5B9D1C8D1D0B31E500522058 /* Resources */,
			);
			buildRules = (
			);
			dependencies = (
				5B9D1C911D0B31E500522058 /* PBXTargetDependency */,
			);
			name = ArrayChallengeTests;
			productName = ArrayChallengeTests;
			productReference = 5B9D1C8F1D0B31E500522058 /* ArrayChallengeTests.xctest */;
			productType = "com.apple.product-type.bundle.unit-test";
		};
/* End PBXNativeTarget section */

/* Begin PBXProject section */
		5B9D1C731D0B31E500522058 /* Project object */ = {
			isa = PBXProject;
			attributes = {
				LastSwiftUpdateCheck = 0730;
				LastUpgradeCheck = 0920;
				ORGANIZATIONNAME = "Flatiron School";
				TargetAttributes = {
					5B9D1C7A1D0B31E500522058 = {
						CreatedOnToolsVersion = 7.3.1;
						LastSwiftMigration = 0800;
					};
					5B9D1C8E1D0B31E500522058 = {
						CreatedOnToolsVersion = 7.3.1;
						LastSwiftMigration = 0800;
						TestTargetID = 5B9D1C7A1D0B31E500522058;
					};
				};
			};
			buildConfigurationList = 5B9D1C761D0B31E500522058 /* Build configuration list for PBXProject "ArrayChallenge" */;
			compatibilityVersion = "Xcode 3.2";
			developmentRegion = English;
			hasScannedForEncodings = 0;
			knownRegions = (
				en,
				Base,
			);
			mainGroup = 5B9D1C721D0B31E500522058;
			productRefGroup = 5B9D1C7C1D0B31E500522058 /* Products */;
			projectDirPath = "";
			projectRoot = "";
			targets = (
				5B9D1C7A1D0B31E500522058 /* ArrayChallenge */,
				5B9D1C8E1D0B31E500522058 /* ArrayChallengeTests */,
			);
		};
/* End PBXProject section */

/* Begin PBXResourcesBuildPhase section */
		5B9D1C791D0B31E500522058 /* Resources */ = {
			isa = PBXResourcesBuildPhase;
			buildActionMask = 2147483647;
			files = (
				5B9D1C891D0B31E500522058 /* LaunchScreen.storyboard in Resources */,
				5B9D1C861D0B31E500522058 /* Assets.xcassets in Resources */,
				5B9D1C841D0B31E500522058 /* Main.storyboard in Resources */,
			);
			runOnlyForDeploymentPostprocessing = 0;
		};
		5B9D1C8D1D0B31E500522058 /* Resources */ = {
			isa = PBXResourcesBuildPhase;
			buildActionMask = 2147483647;
			files = (
			);
			runOnlyForDeploymentPostprocessing = 0;
		};
/* End PBXResourcesBuildPhase section */

/* Begin PBXSourcesBuildPhase section */
		5B9D1C771D0B31E500522058 /* Sources */ = {
			isa = PBXSourcesBuildPhase;
			buildActionMask = 2147483647;
			files = (
				5B9D1C811D0B31E500522058 /* ViewController.swift in Sources */,
				7D19FAEA1D8D6CA7003F74FE /* ShoppingList.swift in Sources */,
				5B9D1C7F1D0B31E500522058 /* AppDelegate.swift in Sources */,
			);
			runOnlyForDeploymentPostprocessing = 0;
		};
		5B9D1C8B1D0B31E500522058 /* Sources */ = {
			isa = PBXSourcesBuildPhase;
			buildActionMask = 2147483647;
			files = (
				7D19FAF31D8D78BD003F74FE /* ShoppingListTests.swift in Sources */,
			);
			runOnlyForDeploymentPostprocessing = 0;
		};
/* End PBXSourcesBuildPhase section */

/* Begin PBXTargetDependency section */
		5B9D1C911D0B31E500522058 /* PBXTargetDependency */ = {
			isa = PBXTargetDependency;
			target = 5B9D1C7A1D0B31E500522058 /* ArrayChallenge */;
			targetProxy = 5B9D1C901D0B31E500522058 /* PBXContainerItemProxy */;
		};
/* End PBXTargetDependency section */

/* Begin PBXVariantGroup section */
		5B9D1C821D0B31E500522058 /* Main.storyboard */ = {
			isa = PBXVariantGroup;
			children = (
				5B9D1C831D0B31E500522058 /* Base */,
			);
			name = Main.storyboard;
			sourceTree = "<group>";
		};
		5B9D1C871D0B31E500522058 /* LaunchScreen.storyboard */ = {
			isa = PBXVariantGroup;
			children = (
				5B9D1C881D0B31E500522058 /* Base */,
			);
			name = LaunchScreen.storyboard;
			sourceTree = "<group>";
		};
/* End PBXVariantGroup section */

/* Begin XCBuildConfiguration section */
		5B9D1CA11D0B31E500522058 /* Debug */ = {
			isa = XCBuildConfiguration;
			buildSettings = {
				ALWAYS_SEARCH_USER_PATHS = NO;
				CLANG_ANALYZER_NONNULL = YES;
				CLANG_CXX_LANGUAGE_STANDARD = "gnu++0x";
				CLANG_CXX_LIBRARY = "libc++";
				CLANG_ENABLE_MODULES = YES;
				CLANG_ENABLE_OBJC_ARC = YES;
				CLANG_WARN_BLOCK_CAPTURE_AUTORELEASING = YES;
				CLANG_WARN_BOOL_CONVERSION = YES;
				CLANG_WARN_COMMA = YES;
				CLANG_WARN_CONSTANT_CONVERSION = YES;
				CLANG_WARN_DIRECT_OBJC_ISA_USAGE = YES_ERROR;
				CLANG_WARN_EMPTY_BODY = YES;
				CLANG_WARN_ENUM_CONVERSION = YES;
				CLANG_WARN_INFINITE_RECURSION = YES;
				CLANG_WARN_INT_CONVERSION = YES;
				CLANG_WARN_NON_LITERAL_NULL_CONVERSION = YES;
				CLANG_WARN_OBJC_LITERAL_CONVERSION = YES;
				CLANG_WARN_OBJC_ROOT_CLASS = YES_ERROR;
				CLANG_WARN_RANGE_LOOP_ANALYSIS = YES;
				CLANG_WARN_STRICT_PROTOTYPES = YES;
				CLANG_WARN_SUSPICIOUS_MOVE = YES;
				CLANG_WARN_UNREACHABLE_CODE = YES;
				CLANG_WARN__DUPLICATE_METHOD_MATCH = YES;
				"CODE_SIGN_IDENTITY[sdk=iphoneos*]" = "iPhone Developer";
				COPY_PHASE_STRIP = NO;
				DEBUG_INFORMATION_FORMAT = dwarf;
				ENABLE_STRICT_OBJC_MSGSEND = YES;
				ENABLE_TESTABILITY = YES;
				GCC_C_LANGUAGE_STANDARD = gnu99;
				GCC_DYNAMIC_NO_PIC = NO;
				GCC_NO_COMMON_BLOCKS = YES;
				GCC_OPTIMIZATION_LEVEL = 0;
				GCC_PREPROCESSOR_DEFINITIONS = (
					"DEBUG=1",
					"$(inherited)",
				);
				GCC_WARN_64_TO_32_BIT_CONVERSION = YES;
				GCC_WARN_ABOUT_RETURN_TYPE = YES_ERROR;
				GCC_WARN_UNDECLARED_SELECTOR = YES;
				GCC_WARN_UNINITIALIZED_AUTOS = YES_AGGRESSIVE;
				GCC_WARN_UNUSED_FUNCTION = YES;
				GCC_WARN_UNUSED_VARIABLE = YES;
				IPHONEOS_DEPLOYMENT_TARGET = 10.0;
				MTL_ENABLE_DEBUG_INFO = YES;
				ONLY_ACTIVE_ARCH = YES;
				SDKROOT = iphoneos;
				SWIFT_OPTIMIZATION_LEVEL = "-Onone";
			};
			name = Debug;
		};
		5B9D1CA21D0B31E500522058 /* Release */ = {
			isa = XCBuildConfiguration;
			buildSettings = {
				ALWAYS_SEARCH_USER_PATHS = NO;
				CLANG_ANALYZER_NONNULL = YES;
				CLANG_CXX_LANGUAGE_STANDARD = "gnu++0x";
				CLANG_CXX_LIBRARY = "libc++";
				CLANG_ENABLE_MODULES = YES;
				CLANG_ENABLE_OBJC_ARC = YES;
				CLANG_WARN_BLOCK_CAPTURE_AUTORELEASING = YES;
				CLANG_WARN_BOOL_CONVERSION = YES;
				CLANG_WARN_COMMA = YES;
				CLANG_WARN_CONSTANT_CONVERSION = YES;
				CLANG_WARN_DIRECT_OBJC_ISA_USAGE = YES_ERROR;
				CLANG_WARN_EMPTY_BODY = YES;
				CLANG_WARN_ENUM_CONVERSION = YES;
				CLANG_WARN_INFINITE_RECURSION = YES;
				CLANG_WARN_INT_CONVERSION = YES;
				CLANG_WARN_NON_LITERAL_NULL_CONVERSION = YES;
				CLANG_WARN_OBJC_LITERAL_CONVERSION = YES;
				CLANG_WARN_OBJC_ROOT_CLASS = YES_ERROR;
				CLANG_WARN_RANGE_LOOP_ANALYSIS = YES;
				CLANG_WARN_STRICT_PROTOTYPES = YES;
				CLANG_WARN_SUSPICIOUS_MOVE = YES;
				CLANG_WARN_UNREACHABLE_CODE = YES;
				CLANG_WARN__DUPLICATE_METHOD_MATCH = YES;
				"CODE_SIGN_IDENTITY[sdk=iphoneos*]" = "iPhone Developer";
				COPY_PHASE_STRIP = NO;
				DEBUG_INFORMATION_FORMAT = "dwarf-with-dsym";
				ENABLE_NS_ASSERTIONS = NO;
				ENABLE_STRICT_OBJC_MSGSEND = YES;
				GCC_C_LANGUAGE_STANDARD = gnu99;
				GCC_NO_COMMON_BLOCKS = YES;
				GCC_WARN_64_TO_32_BIT_CONVERSION = YES;
				GCC_WARN_ABOUT_RETURN_TYPE = YES_ERROR;
				GCC_WARN_UNDECLARED_SELECTOR = YES;
				GCC_WARN_UNINITIALIZED_AUTOS = YES_AGGRESSIVE;
				GCC_WARN_UNUSED_FUNCTION = YES;
				GCC_WARN_UNUSED_VARIABLE = YES;
				IPHONEOS_DEPLOYMENT_TARGET = 10.0;
				MTL_ENABLE_DEBUG_INFO = NO;
				SDKROOT = iphoneos;
				SWIFT_OPTIMIZATION_LEVEL = "-Owholemodule";
				VALIDATE_PRODUCT = YES;
			};
			name = Release;
		};
		5B9D1CA41D0B31E500522058 /* Debug */ = {
			isa = XCBuildConfiguration;
			buildSettings = {
				ASSETCATALOG_COMPILER_APPICON_NAME = AppIcon;
				DEFINES_MODULE = YES;
				INFOPLIST_FILE = ArrayChallenge/Info.plist;
				LD_RUNPATH_SEARCH_PATHS = "$(inherited) @executable_path/Frameworks";
				PRODUCT_BUNDLE_IDENTIFIER = com.flatironSchool.ArrayChallenge;
				PRODUCT_NAME = "$(TARGET_NAME)";
				SWIFT_VERSION = 3.0;
			};
			name = Debug;
		};
		5B9D1CA51D0B31E500522058 /* Release */ = {
			isa = XCBuildConfiguration;
			buildSettings = {
				ASSETCATALOG_COMPILER_APPICON_NAME = AppIcon;
				DEFINES_MODULE = YES;
				INFOPLIST_FILE = ArrayChallenge/Info.plist;
				LD_RUNPATH_SEARCH_PATHS = "$(inherited) @executable_path/Frameworks";
				PRODUCT_BUNDLE_IDENTIFIER = com.flatironSchool.ArrayChallenge;
				PRODUCT_NAME = "$(TARGET_NAME)";
				SWIFT_VERSION = 3.0;
			};
			name = Release;
		};
		5B9D1CA71D0B31E500522058 /* Debug */ = {
			isa = XCBuildConfiguration;
			buildSettings = {
				BUNDLE_LOADER = "$(TEST_HOST)";
				INFOPLIST_FILE = ArrayChallengeTests/Info.plist;
				LD_RUNPATH_SEARCH_PATHS = "$(inherited) @executable_path/Frameworks @loader_path/Frameworks";
				PRODUCT_BUNDLE_IDENTIFIER = com.flatironSchool.ArrayChallengeTests;
				PRODUCT_NAME = "$(TARGET_NAME)";
				SWIFT_VERSION = 3.0;
				TEST_HOST = "$(BUILT_PRODUCTS_DIR)/ArrayChallenge.app/ArrayChallenge";
			};
			name = Debug;
		};
		5B9D1CA81D0B31E500522058 /* Release */ = {
			isa = XCBuildConfiguration;
			buildSettings = {
				BUNDLE_LOADER = "$(TEST_HOST)";
				INFOPLIST_FILE = ArrayChallengeTests/Info.plist;
				LD_RUNPATH_SEARCH_PATHS = "$(inherited) @executable_path/Frameworks @loader_path/Frameworks";
				PRODUCT_BUNDLE_IDENTIFIER = com.flatironSchool.ArrayChallengeTests;
				PRODUCT_NAME = "$(TARGET_NAME)";
				SWIFT_VERSION = 3.0;
				TEST_HOST = "$(BUILT_PRODUCTS_DIR)/ArrayChallenge.app/ArrayChallenge";
			};
			name = Release;
		};
/* End XCBuildConfiguration section */

/* Begin XCConfigurationList section */
		5B9D1C761D0B31E500522058 /* Build configuration list for PBXProject "ArrayChallenge" */ = {
			isa = XCConfigurationList;
			buildConfigurations = (
				5B9D1CA11D0B31E500522058 /* Debug */,
				5B9D1CA21D0B31E500522058 /* Release */,
			);
			defaultConfigurationIsVisible = 0;
			defaultConfigurationName = Release;
		};
		5B9D1CA31D0B31E500522058 /* Build configuration list for PBXNativeTarget "ArrayChallenge" */ = {
			isa = XCConfigurationList;
			buildConfigurations = (
				5B9D1CA41D0B31E500522058 /* Debug */,
				5B9D1CA51D0B31E500522058 /* Release */,
			);
			defaultConfigurationIsVisible = 0;
			defaultConfigurationName = Release;
		};
		5B9D1CA61D0B31E500522058 /* Build configuration list for PBXNativeTarget "ArrayChallengeTests" */ = {
			isa = XCConfigurationList;
			buildConfigurations = (
				5B9D1CA71D0B31E500522058 /* Debug */,
				5B9D1CA81D0B31E500522058 /* Release */,
			);
			defaultConfigurationIsVisible = 0;
			defaultConfigurationName = Release;
		};
/* End XCConfigurationList section */
	};
	rootObject = 5B9D1C731D0B31E500522058 /* Project object */;
}
